
Microsoft Visual Studio Solution File, Format Version 12.00
# Visual Studio Version 17
VisualStudioVersion = 17.10.34928.147
MinimumVisualStudioVersion = 10.0.40219.1
Project("{2150E333-8FDC-42A3-9474-1A3956D46DE8}") = "Contexto_Pedido", "Contexto_Pedido", "{DBB19C0A-0C85-4A1B-B947-E19A1038B040}"
EndProject
Project("{9A19103F-16F7-4668-BE54-9A1E7A4F7556}") = "Domain", "Contexto_Pedido\Domain\Domain.csproj", "{0975F17D-3A17-4995-9F74-C41127234F81}"
EndProject
Project("{9A19103F-16F7-4668-BE54-9A1E7A4F7556}") = "Tests", "Tests\Tests.csproj", "{C89FF26C-C45F-442C-8A41-31C0B2849E1C}"
EndProject
Project("{9A19103F-16F7-4668-BE54-9A1E7A4F7556}") = "Infrastructure", "Contexto_Pedido\Infrastructure\Infrastructure.csproj", "{C74023F0-92E2-4678-BED4-8BE91BE72E91}"
EndProject
Project("{9A19103F-16F7-4668-BE54-9A1E7A4F7556}") = "Infrastructure.IOC", "Contexto_Pedido\Infrastructure.IOC\Infrastructure.IOC.csproj", "{E11CD191-7912-448B-90C6-D59330F05374}"
EndProject
Project("{9A19103F-16F7-4668-BE54-9A1E7A4F7556}") = "WEB.API", "Contexto_Pedido\WEB.API\WEB.API.csproj", "{8C02D765-1654-4AA1-8E6A-3974AE8D436C}"
EndProject
Project("{FAE04EC0-301F-11D3-BF4B-00C04F79EFBC}") = "Application", "Contexto_Pedido\Application\Application.csproj", "{EC185616-5DB1-469C-A876-303B6D73701F}"
EndProject
Global
	GlobalSection(SolutionConfigurationPlatforms) = preSolution
		Debug|Any CPU = Debug|Any CPU
		Release|Any CPU = Release|Any CPU
	EndGlobalSection
	GlobalSection(ProjectConfigurationPlatforms) = postSolution
		{0975F17D-3A17-4995-9F74-C41127234F81}.Debug|Any CPU.ActiveCfg = Debug|Any CPU
		{0975F17D-3A17-4995-9F74-C41127234F81}.Debug|Any CPU.Build.0 = Debug|Any CPU
		{0975F17D-3A17-4995-9F74-C41127234F81}.Release|Any CPU.ActiveCfg = Release|Any CPU
		{0975F17D-3A17-4995-9F74-C41127234F81}.Release|Any CPU.Build.0 = Release|Any CPU
		{C89FF26C-C45F-442C-8A41-31C0B2849E1C}.Debug|Any CPU.ActiveCfg = Debug|Any CPU
		{C89FF26C-C45F-442C-8A41-31C0B2849E1C}.Debug|Any CPU.Build.0 = Debug|Any CPU
		{C89FF26C-C45F-442C-8A41-31C0B2849E1C}.Release|Any CPU.ActiveCfg = Release|Any CPU
		{C89FF26C-C45F-442C-8A41-31C0B2849E1C}.Release|Any CPU.Build.0 = Release|Any CPU
		{C74023F0-92E2-4678-BED4-8BE91BE72E91}.Debug|Any CPU.ActiveCfg = Debug|Any CPU
		{C74023F0-92E2-4678-BED4-8BE91BE72E91}.Debug|Any CPU.Build.0 = Debug|Any CPU
		{C74023F0-92E2-4678-BED4-8BE91BE72E91}.Release|Any CPU.ActiveCfg = Release|Any CPU
		{C74023F0-92E2-4678-BED4-8BE91BE72E91}.Release|Any CPU.Build.0 = Release|Any CPU
		{E11CD191-7912-448B-90C6-D59330F05374}.Debug|Any CPU.ActiveCfg = Debug|Any CPU
		{E11CD191-7912-448B-90C6-D59330F05374}.Debug|Any CPU.Build.0 = Debug|Any CPU
		{E11CD191-7912-448B-90C6-D59330F05374}.Release|Any CPU.ActiveCfg = Release|Any CPU
		{E11CD191-7912-448B-90C6-D59330F05374}.Release|Any CPU.Build.0 = Release|Any CPU
		{8C02D765-1654-4AA1-8E6A-3974AE8D436C}.Debug|Any CPU.ActiveCfg = Debug|Any CPU
		{8C02D765-1654-4AA1-8E6A-3974AE8D436C}.Debug|Any CPU.Build.0 = Debug|Any CPU
		{8C02D765-1654-4AA1-8E6A-3974AE8D436C}.Release|Any CPU.ActiveCfg = Release|Any CPU
		{8C02D765-1654-4AA1-8E6A-3974AE8D436C}.Release|Any CPU.Build.0 = Release|Any CPU
		{EC185616-5DB1-469C-A876-303B6D73701F}.Debug|Any CPU.ActiveCfg = Debug|Any CPU
		{EC185616-5DB1-469C-A876-303B6D73701F}.Debug|Any CPU.Build.0 = Debug|Any CPU
		{EC185616-5DB1-469C-A876-303B6D73701F}.Release|Any CPU.ActiveCfg = Release|Any CPU
		{EC185616-5DB1-469C-A876-303B6D73701F}.Release|Any CPU.Build.0 = Release|Any CPU
	EndGlobalSection
	GlobalSection(SolutionProperties) = preSolution
		HideSolutionNode = FALSE
	EndGlobalSection
	GlobalSection(NestedProjects) = preSolution
		{0975F17D-3A17-4995-9F74-C41127234F81} = {DBB19C0A-0C85-4A1B-B947-E19A1038B040}
		{C89FF26C-C45F-442C-8A41-31C0B2849E1C} = {DBB19C0A-0C85-4A1B-B947-E19A1038B040}
		{C74023F0-92E2-4678-BED4-8BE91BE72E91} = {DBB19C0A-0C85-4A1B-B947-E19A1038B040}
		{E11CD191-7912-448B-90C6-D59330F05374} = {DBB19C0A-0C85-4A1B-B947-E19A1038B040}
		{8C02D765-1654-4AA1-8E6A-3974AE8D436C} = {DBB19C0A-0C85-4A1B-B947-E19A1038B040}
		{EC185616-5DB1-469C-A876-303B6D73701F} = {DBB19C0A-0C85-4A1B-B947-E19A1038B040}
	EndGlobalSection
	GlobalSection(ExtensibilityGlobals) = postSolution
		SolutionGuid = {F82521EA-5B03-40B8-B8A7-72EF0F2FC5D5}
	EndGlobalSection
EndGlobal
